PODS:
  - Alamofire (5.6.2)
  - HandyJSON (5.0.2)
  - JKSwiftExtension (2.2.6)
  - Kingfisher (7.5.0)
  - Log (2.0)
  - MJRefresh (3.7.5)
  - Moya (15.0.0):
    - Moya/Core (= 15.0.0)
  - Moya/Core (15.0.0):
    - Alamofire (~> 5.0)
  - SnapKit (5.6.0)

DEPENDENCIES:
  - HandyJSON
  - JKSwiftExtension
  - Kingfisher
  - Log
  - MJRefresh
  - Moya
  - SnapKit

SPEC REPOS:
  trunk:
    - Alamofire
    - HandyJSON
    - JKSwiftExtension
    - Kingfisher
    - Log
    - MJRefresh
    - Moya
    - SnapKit

SPEC CHECKSUMS:
  Alamofire: d368e1ff8a298e6dde360e35a3e68e6c610e7204
  HandyJSON: 9e4e236f5d2dbefad5155a77417bbea438201c03
  JKSwiftExtension: 58479edc1cd1d6a8a25b6043956accd840cfcada
  Kingfisher: b9c2a4a4af2990a768445c277359b27bde287d71
  Log: 73fab10e8b88f15cef5f322b12c9be87cf19ee6e
  MJRefresh: fdf5e979eb406a0341468932d1dfc8b7f9fce961
  Moya: 138f0573e53411fb3dc17016add0b748dfbd78ee
  SnapKit: e01d52ebb8ddbc333eefe2132acf85c8227d9c25

PODFILE CHECKSUM: 5bab45ae3be479df8af581ec7d4897385da7b96b

COCOAPODS: 1.11.3
