PODS:
  - Alamofire (5.6.2)
  - FSPagerView (0.8.3)
  - JKSwiftExtension (2.2.6)
  - Kingfisher (7.5.0)
  - MJRefresh (3.7.5)
  - Moya (15.0.0):
    - Moya/Core (= 15.0.0)
  - Moya/Core (15.0.0):
    - Alamofire (~> 5.0)
  - ObjectMapper (4.2.0)
  - R.swift (7.2.4)
  - SnapKit (5.6.0)
  - SwiftyJSON (5.0.1)

DEPENDENCIES:
  - FSPagerView
  - JKSwiftExtension
  - Kingfisher
  - MJRefresh
  - Moya
  - ObjectMapper
  - R.swift
  - SnapKit
  - SwiftyJSON

SPEC REPOS:
  trunk:
    - Alamofire
    - FSPagerView
    - JKSwiftExtension
    - Kingfisher
    - MJRefresh
    - Moya
    - ObjectMapper
    - R.swift
    - SnapKit
    - SwiftyJSON

SPEC CHECKSUMS:
  Alamofire: d368e1ff8a298e6dde360e35a3e68e6c610e7204
  FSPagerView: 670405b2f18e2a87fa37f20b00de783e562c25a8
  JKSwiftExtension: 58479edc1cd1d6a8a25b6043956accd840cfcada
  Kingfisher: b9c2a4a4af2990a768445c277359b27bde287d71
  MJRefresh: fdf5e979eb406a0341468932d1dfc8b7f9fce961
  Moya: 138f0573e53411fb3dc17016add0b748dfbd78ee
  ObjectMapper: 1eb41f610210777375fa806bf161dc39fb832b81
  R.swift: 681bb9135f482e7a81d9d27445b837fef5467e11
  SnapKit: e01d52ebb8ddbc333eefe2132acf85c8227d9c25
  SwiftyJSON: 2f33a42c6fbc52764d96f13368585094bfd8aa5e

PODFILE CHECKSUM: 747fab209608da04fb77e884468b21803d3e17f6

COCOAPODS: 1.11.3
