// !$*UTF8*$!
{
	archiveVersion = 1;
	classes = {
	};
	objectVersion = 56;
	objects = {

/* Begin PBXBuildFile section */
		41126BF92985113900D3EF12 /* HomeController.swift in Sources */ = {isa = PBXBuildFile; fileRef = 41126BF82985113900D3EF12 /* HomeController.swift */; };
		41126BFB2985114C00D3EF12 /* StudyController.swift in Sources */ = {isa = PBXBuildFile; fileRef = 41126BFA2985114C00D3EF12 /* StudyController.swift */; };
		41126BFD2985115A00D3EF12 /* DeliveryController.swift in Sources */ = {isa = PBXBuildFile; fileRef = 41126BFC2985115A00D3EF12 /* DeliveryController.swift */; };
		41126BFF2985116700D3EF12 /* MineController.swift in Sources */ = {isa = PBXBuildFile; fileRef = 41126BFE2985116700D3EF12 /* MineController.swift */; };
		414AB3DF29865C5500A5E119 /* Monitor.swift in Sources */ = {isa = PBXBuildFile; fileRef = 414AB3DE29865C5500A5E119 /* Monitor.swift */; };
		414AB3E329865CEC00A5E119 /* Monitor+Private.m in Sources */ = {isa = PBXBuildFile; fileRef = 414AB3E229865CEC00A5E119 /* Monitor+Private.m */; };
		414AB3E5298662FD00A5E119 /* TestMonitor.swift in Sources */ = {isa = PBXBuildFile; fileRef = 414AB3E4298662FD00A5E119 /* TestMonitor.swift */; };
		414AB3EA29866F3300A5E119 /* NSSwiftLoadProtocol.m in Sources */ = {isa = PBXBuildFile; fileRef = 414AB3E929866F3300A5E119 /* NSSwiftLoadProtocol.m */; };
		417645BC298BC04B00F8F2A9 /* Data+TBExtention.swift in Sources */ = {isa = PBXBuildFile; fileRef = 417645BB298BC04B00F8F2A9 /* Data+TBExtention.swift */; };
		417645BE298BC0A100F8F2A9 /* DateFormatter+TBExtension.swift in Sources */ = {isa = PBXBuildFile; fileRef = 417645BD298BC0A100F8F2A9 /* DateFormatter+TBExtension.swift */; };
		417645C0298BC22100F8F2A9 /* String+TBExtention.swift in Sources */ = {isa = PBXBuildFile; fileRef = 417645BF298BC22100F8F2A9 /* String+TBExtention.swift */; };
		417645C2298BC39900F8F2A9 /* TBRegexHelper.swift in Sources */ = {isa = PBXBuildFile; fileRef = 417645C1298BC39900F8F2A9 /* TBRegexHelper.swift */; };
		417645C4298BC4B000F8F2A9 /* Bundle+TBExtension.swift in Sources */ = {isa = PBXBuildFile; fileRef = 417645C3298BC4B000F8F2A9 /* Bundle+TBExtension.swift */; };
		417645C6298BC63500F8F2A9 /* Bool+TBExtention.swift in Sources */ = {isa = PBXBuildFile; fileRef = 417645C5298BC63500F8F2A9 /* Bool+TBExtention.swift */; };
		417645C8298BC65700F8F2A9 /* Double+TBExtionsion.swift in Sources */ = {isa = PBXBuildFile; fileRef = 417645C7298BC65700F8F2A9 /* Double+TBExtionsion.swift */; };
		417645CA298BC6FE00F8F2A9 /* Array+TBExtension.swift in Sources */ = {isa = PBXBuildFile; fileRef = 417645C9298BC6FE00F8F2A9 /* Array+TBExtension.swift */; };
		417645CC298BC78400F8F2A9 /* UIVisualEffectView+TBExtension.swift in Sources */ = {isa = PBXBuildFile; fileRef = 417645CB298BC78400F8F2A9 /* UIVisualEffectView+TBExtension.swift */; };
		417645CE298BC89300F8F2A9 /* UIImage+TBExtension.swift in Sources */ = {isa = PBXBuildFile; fileRef = 417645CD298BC89300F8F2A9 /* UIImage+TBExtension.swift */; };
		417645D0298BCA8E00F8F2A9 /* NSAttributedString+TBExtension.swift in Sources */ = {isa = PBXBuildFile; fileRef = 417645CF298BCA8E00F8F2A9 /* NSAttributedString+TBExtension.swift */; };
		417645D2298BCAF200F8F2A9 /* UIDevice+TBExtension.swift in Sources */ = {isa = PBXBuildFile; fileRef = 417645D1298BCAF200F8F2A9 /* UIDevice+TBExtension.swift */; };
		417645D4298BCDF300F8F2A9 /* UIControl+TBExtention.swift in Sources */ = {isa = PBXBuildFile; fileRef = 417645D3298BCDF300F8F2A9 /* UIControl+TBExtention.swift */; };
		417645D6298BCE4B00F8F2A9 /* TBAsyncs.swift in Sources */ = {isa = PBXBuildFile; fileRef = 417645D5298BCE4B00F8F2A9 /* TBAsyncs.swift */; };
		417645D8298BD07C00F8F2A9 /* FileManager+TBExtention.swift in Sources */ = {isa = PBXBuildFile; fileRef = 417645D7298BD07C00F8F2A9 /* FileManager+TBExtention.swift */; };
		417645DA298CA7BC00F8F2A9 /* UIAlertController+TBExtention.swift in Sources */ = {isa = PBXBuildFile; fileRef = 417645D9298CA7BC00F8F2A9 /* UIAlertController+TBExtention.swift */; };
		417AB0A62987C0500004B4E6 /* TBPOP.swift in Sources */ = {isa = PBXBuildFile; fileRef = 417AB0A52987C0500004B4E6 /* TBPOP.swift */; };
		417AB0A9298A41310004B4E6 /* HomeNavBar.swift in Sources */ = {isa = PBXBuildFile; fileRef = 417AB0A8298A41310004B4E6 /* HomeNavBar.swift */; };
		417AB0AD298A47F50004B4E6 /* UIButton+PAITAdd.m in Sources */ = {isa = PBXBuildFile; fileRef = 417AB0AC298A47F50004B4E6 /* UIButton+PAITAdd.m */; };
		417AB0AF298A49CE0004B4E6 /* Theme.swift in Sources */ = {isa = PBXBuildFile; fileRef = 417AB0AE298A49CE0004B4E6 /* Theme.swift */; };
		417AB0B1298A5A040004B4E6 /* AppUtil.swift in Sources */ = {isa = PBXBuildFile; fileRef = 417AB0B0298A5A040004B4E6 /* AppUtil.swift */; };
		417AB0B3298A5B2C0004B4E6 /* DeviceUtils.swift in Sources */ = {isa = PBXBuildFile; fileRef = 417AB0B2298A5B2C0004B4E6 /* DeviceUtils.swift */; };
		417AB0B5298A6E740004B4E6 /* UIButton+TBExtention.swift in Sources */ = {isa = PBXBuildFile; fileRef = 417AB0B4298A6E740004B4E6 /* UIButton+TBExtention.swift */; };
		417AB0B8298B57040004B4E6 /* R.generated.swift in Sources */ = {isa = PBXBuildFile; fileRef = 417AB0B7298B57040004B4E6 /* R.generated.swift */; };
		417AB0BA298B8D7E0004B4E6 /* UILabel+TBExtention.swift in Sources */ = {isa = PBXBuildFile; fileRef = 417AB0B9298B8D7E0004B4E6 /* UILabel+TBExtention.swift */; };
		417AB0BC298B924F0004B4E6 /* UIView+TBExtention.swift in Sources */ = {isa = PBXBuildFile; fileRef = 417AB0BB298B924F0004B4E6 /* UIView+TBExtention.swift */; };
		417AB0BE298BB0040004B4E6 /* TBClosure.swift in Sources */ = {isa = PBXBuildFile; fileRef = 417AB0BD298BB0040004B4E6 /* TBClosure.swift */; };
		417AB0C0298BB5280004B4E6 /* CAGradientLayer+TBExtension.swift in Sources */ = {isa = PBXBuildFile; fileRef = 417AB0BF298BB5280004B4E6 /* CAGradientLayer+TBExtension.swift */; };
		4187F221298BBBC900BD4C38 /* TBRuntime.swift in Sources */ = {isa = PBXBuildFile; fileRef = 4187F220298BBBC900BD4C38 /* TBRuntime.swift */; };
		4187F223298BBC9100BD4C38 /* TBPrint.swift in Sources */ = {isa = PBXBuildFile; fileRef = 4187F222298BBC9100BD4C38 /* TBPrint.swift */; };
		4195BA78296E8CB900ED842C /* AppDelegate.swift in Sources */ = {isa = PBXBuildFile; fileRef = 4195BA77296E8CB900ED842C /* AppDelegate.swift */; };
		4195BA7A296E8CB900ED842C /* SceneDelegate.swift in Sources */ = {isa = PBXBuildFile; fileRef = 4195BA79296E8CB900ED842C /* SceneDelegate.swift */; };
		4195BA7C296E8CB900ED842C /* ViewController.swift in Sources */ = {isa = PBXBuildFile; fileRef = 4195BA7B296E8CB900ED842C /* ViewController.swift */; };
		4195BA7F296E8CB900ED842C /* Main.storyboard in Resources */ = {isa = PBXBuildFile; fileRef = 4195BA7D296E8CB900ED842C /* Main.storyboard */; };
		4195BA81296E8CB900ED842C /* Assets.xcassets in Resources */ = {isa = PBXBuildFile; fileRef = 4195BA80296E8CB900ED842C /* Assets.xcassets */; };
		4195BA84296E8CB900ED842C /* LaunchScreen.storyboard in Resources */ = {isa = PBXBuildFile; fileRef = 4195BA82296E8CB900ED842C /* LaunchScreen.storyboard */; };
		4195BA8C296E905900ED842C /* MyTabBarController.swift in Sources */ = {isa = PBXBuildFile; fileRef = 4195BA8B296E905900ED842C /* MyTabBarController.swift */; };
		4195BA8E296EAE7B00ED842C /* PLTabbar.swift in Sources */ = {isa = PBXBuildFile; fileRef = 4195BA8D296EAE7B00ED842C /* PLTabbar.swift */; };
		4195BA90296EBDC000ED842C /* UIColor+TBExtension.swift in Sources */ = {isa = PBXBuildFile; fileRef = 4195BA8F296EBDC000ED842C /* UIColor+TBExtension.swift */; };
		41C3F8DD298CEC0E008A5804 /* UIImageView+TBExtention.swift in Sources */ = {isa = PBXBuildFile; fileRef = 41C3F8DC298CEC0E008A5804 /* UIImageView+TBExtention.swift */; };
		41C3F8DF298CF3C4008A5804 /* UISwitch+TBExtension.swift in Sources */ = {isa = PBXBuildFile; fileRef = 41C3F8DE298CF3C4008A5804 /* UISwitch+TBExtension.swift */; };
		41C3F8E1298CF5E1008A5804 /* UITextField+TBExtension.swift in Sources */ = {isa = PBXBuildFile; fileRef = 41C3F8E0298CF5E1008A5804 /* UITextField+TBExtension.swift */; };
		41C3F8E3298CFA50008A5804 /* UITableView+TBExtention.swift in Sources */ = {isa = PBXBuildFile; fileRef = 41C3F8E2298CFA50008A5804 /* UITableView+TBExtention.swift */; };
		41C3F8E5298CFA5F008A5804 /* UICollectionView+TBExtionsion.swift in Sources */ = {isa = PBXBuildFile; fileRef = 41C3F8E4298CFA5F008A5804 /* UICollectionView+TBExtionsion.swift */; };
		41C8CF1929879DC200A0E3F2 /* Constants.swift in Sources */ = {isa = PBXBuildFile; fileRef = 41C8CF1829879DC200A0E3F2 /* Constants.swift */; };
		5004513CC2204A1F27423E89 /* Pods_PLFly.framework in Frameworks */ = {isa = PBXBuildFile; fileRef = 746D8C6EF608B244F44D1CD6 /* Pods_PLFly.framework */; };
/* End PBXBuildFile section */

/* Begin PBXFileReference section */
		41126BF82985113900D3EF12 /* HomeController.swift */ = {isa = PBXFileReference; lastKnownFileType = sourcecode.swift; path = HomeController.swift; sourceTree = "<group>"; };
		41126BFA2985114C00D3EF12 /* StudyController.swift */ = {isa = PBXFileReference; lastKnownFileType = sourcecode.swift; path = StudyController.swift; sourceTree = "<group>"; };
		41126BFC2985115A00D3EF12 /* DeliveryController.swift */ = {isa = PBXFileReference; lastKnownFileType = sourcecode.swift; path = DeliveryController.swift; sourceTree = "<group>"; };
		41126BFE2985116700D3EF12 /* MineController.swift */ = {isa = PBXFileReference; lastKnownFileType = sourcecode.swift; path = MineController.swift; sourceTree = "<group>"; };
		414AB3DE29865C5500A5E119 /* Monitor.swift */ = {isa = PBXFileReference; lastKnownFileType = sourcecode.swift; path = Monitor.swift; sourceTree = "<group>"; };
		414AB3E029865CEC00A5E119 /* PLFly-Bridging-Header.h */ = {isa = PBXFileReference; lastKnownFileType = sourcecode.c.h; path = "PLFly-Bridging-Header.h"; sourceTree = "<group>"; };
		414AB3E129865CEC00A5E119 /* Monitor+Private.h */ = {isa = PBXFileReference; lastKnownFileType = sourcecode.c.h; path = "Monitor+Private.h"; sourceTree = "<group>"; };
		414AB3E229865CEC00A5E119 /* Monitor+Private.m */ = {isa = PBXFileReference; lastKnownFileType = sourcecode.c.objc; path = "Monitor+Private.m"; sourceTree = "<group>"; };
		414AB3E4298662FD00A5E119 /* TestMonitor.swift */ = {isa = PBXFileReference; lastKnownFileType = sourcecode.swift; path = TestMonitor.swift; sourceTree = "<group>"; };
		414AB3E829866E8700A5E119 /* NSSwiftLoadProtocol.h */ = {isa = PBXFileReference; lastKnownFileType = sourcecode.c.h; path = NSSwiftLoadProtocol.h; sourceTree = "<group>"; };
		414AB3E929866F3300A5E119 /* NSSwiftLoadProtocol.m */ = {isa = PBXFileReference; lastKnownFileType = sourcecode.c.objc; path = NSSwiftLoadProtocol.m; sourceTree = "<group>"; };
		417645BB298BC04B00F8F2A9 /* Data+TBExtention.swift */ = {isa = PBXFileReference; lastKnownFileType = sourcecode.swift; path = "Data+TBExtention.swift"; sourceTree = "<group>"; };
		417645BD298BC0A100F8F2A9 /* DateFormatter+TBExtension.swift */ = {isa = PBXFileReference; lastKnownFileType = sourcecode.swift; path = "DateFormatter+TBExtension.swift"; sourceTree = "<group>"; };
		417645BF298BC22100F8F2A9 /* String+TBExtention.swift */ = {isa = PBXFileReference; lastKnownFileType = sourcecode.swift; path = "String+TBExtention.swift"; sourceTree = "<group>"; };
		417645C1298BC39900F8F2A9 /* TBRegexHelper.swift */ = {isa = PBXFileReference; lastKnownFileType = sourcecode.swift; path = TBRegexHelper.swift; sourceTree = "<group>"; };
		417645C3298BC4B000F8F2A9 /* Bundle+TBExtension.swift */ = {isa = PBXFileReference; lastKnownFileType = sourcecode.swift; path = "Bundle+TBExtension.swift"; sourceTree = "<group>"; };
		417645C5298BC63500F8F2A9 /* Bool+TBExtention.swift */ = {isa = PBXFileReference; lastKnownFileType = sourcecode.swift; path = "Bool+TBExtention.swift"; sourceTree = "<group>"; };
		417645C7298BC65700F8F2A9 /* Double+TBExtionsion.swift */ = {isa = PBXFileReference; lastKnownFileType = sourcecode.swift; path = "Double+TBExtionsion.swift"; sourceTree = "<group>"; };
		417645C9298BC6FE00F8F2A9 /* Array+TBExtension.swift */ = {isa = PBXFileReference; lastKnownFileType = sourcecode.swift; path = "Array+TBExtension.swift"; sourceTree = "<group>"; };
		417645CB298BC78400F8F2A9 /* UIVisualEffectView+TBExtension.swift */ = {isa = PBXFileReference; lastKnownFileType = sourcecode.swift; path = "UIVisualEffectView+TBExtension.swift"; sourceTree = "<group>"; };
		417645CD298BC89300F8F2A9 /* UIImage+TBExtension.swift */ = {isa = PBXFileReference; lastKnownFileType = sourcecode.swift; path = "UIImage+TBExtension.swift"; sourceTree = "<group>"; };
		417645CF298BCA8E00F8F2A9 /* NSAttributedString+TBExtension.swift */ = {isa = PBXFileReference; lastKnownFileType = sourcecode.swift; path = "NSAttributedString+TBExtension.swift"; sourceTree = "<group>"; };
		417645D1298BCAF200F8F2A9 /* UIDevice+TBExtension.swift */ = {isa = PBXFileReference; lastKnownFileType = sourcecode.swift; path = "UIDevice+TBExtension.swift"; sourceTree = "<group>"; };
		417645D3298BCDF300F8F2A9 /* UIControl+TBExtention.swift */ = {isa = PBXFileReference; lastKnownFileType = sourcecode.swift; path = "UIControl+TBExtention.swift"; sourceTree = "<group>"; };
		417645D5298BCE4B00F8F2A9 /* TBAsyncs.swift */ = {isa = PBXFileReference; lastKnownFileType = sourcecode.swift; path = TBAsyncs.swift; sourceTree = "<group>"; };
		417645D7298BD07C00F8F2A9 /* FileManager+TBExtention.swift */ = {isa = PBXFileReference; lastKnownFileType = sourcecode.swift; path = "FileManager+TBExtention.swift"; sourceTree = "<group>"; };
		417645D9298CA7BC00F8F2A9 /* UIAlertController+TBExtention.swift */ = {isa = PBXFileReference; lastKnownFileType = sourcecode.swift; path = "UIAlertController+TBExtention.swift"; sourceTree = "<group>"; };
		417AB0A52987C0500004B4E6 /* TBPOP.swift */ = {isa = PBXFileReference; lastKnownFileType = sourcecode.swift; path = TBPOP.swift; sourceTree = "<group>"; };
		417AB0A8298A41310004B4E6 /* HomeNavBar.swift */ = {isa = PBXFileReference; lastKnownFileType = sourcecode.swift; path = HomeNavBar.swift; sourceTree = "<group>"; };
		417AB0AB298A47F50004B4E6 /* UIButton+PAITAdd.h */ = {isa = PBXFileReference; fileEncoding = 4; lastKnownFileType = sourcecode.c.h; path = "UIButton+PAITAdd.h"; sourceTree = "<group>"; };
		417AB0AC298A47F50004B4E6 /* UIButton+PAITAdd.m */ = {isa = PBXFileReference; fileEncoding = 4; lastKnownFileType = sourcecode.c.objc; path = "UIButton+PAITAdd.m"; sourceTree = "<group>"; };
		417AB0AE298A49CE0004B4E6 /* Theme.swift */ = {isa = PBXFileReference; lastKnownFileType = sourcecode.swift; path = Theme.swift; sourceTree = "<group>"; };
		417AB0B0298A5A040004B4E6 /* AppUtil.swift */ = {isa = PBXFileReference; lastKnownFileType = sourcecode.swift; path = AppUtil.swift; sourceTree = "<group>"; };
		417AB0B2298A5B2C0004B4E6 /* DeviceUtils.swift */ = {isa = PBXFileReference; lastKnownFileType = sourcecode.swift; path = DeviceUtils.swift; sourceTree = "<group>"; };
		417AB0B4298A6E740004B4E6 /* UIButton+TBExtention.swift */ = {isa = PBXFileReference; lastKnownFileType = sourcecode.swift; path = "UIButton+TBExtention.swift"; sourceTree = "<group>"; };
		417AB0B7298B57040004B4E6 /* R.generated.swift */ = {isa = PBXFileReference; fileEncoding = 4; lastKnownFileType = sourcecode.swift; path = R.generated.swift; sourceTree = SOURCE_ROOT; };
		417AB0B9298B8D7E0004B4E6 /* UILabel+TBExtention.swift */ = {isa = PBXFileReference; lastKnownFileType = sourcecode.swift; path = "UILabel+TBExtention.swift"; sourceTree = "<group>"; };
		417AB0BB298B924F0004B4E6 /* UIView+TBExtention.swift */ = {isa = PBXFileReference; lastKnownFileType = sourcecode.swift; path = "UIView+TBExtention.swift"; sourceTree = "<group>"; };
		417AB0BD298BB0040004B4E6 /* TBClosure.swift */ = {isa = PBXFileReference; lastKnownFileType = sourcecode.swift; path = TBClosure.swift; sourceTree = "<group>"; };
		417AB0BF298BB5280004B4E6 /* CAGradientLayer+TBExtension.swift */ = {isa = PBXFileReference; lastKnownFileType = sourcecode.swift; path = "CAGradientLayer+TBExtension.swift"; sourceTree = "<group>"; };
		4187F220298BBBC900BD4C38 /* TBRuntime.swift */ = {isa = PBXFileReference; lastKnownFileType = sourcecode.swift; path = TBRuntime.swift; sourceTree = "<group>"; };
		4187F222298BBC9100BD4C38 /* TBPrint.swift */ = {isa = PBXFileReference; lastKnownFileType = sourcecode.swift; path = TBPrint.swift; sourceTree = "<group>"; };
		4195BA74296E8CB900ED842C /* PLFly.app */ = {isa = PBXFileReference; explicitFileType = wrapper.application; includeInIndex = 0; path = PLFly.app; sourceTree = BUILT_PRODUCTS_DIR; };
		4195BA77296E8CB900ED842C /* AppDelegate.swift */ = {isa = PBXFileReference; lastKnownFileType = sourcecode.swift; path = AppDelegate.swift; sourceTree = "<group>"; };
		4195BA79296E8CB900ED842C /* SceneDelegate.swift */ = {isa = PBXFileReference; lastKnownFileType = sourcecode.swift; path = SceneDelegate.swift; sourceTree = "<group>"; };
		4195BA7B296E8CB900ED842C /* ViewController.swift */ = {isa = PBXFileReference; lastKnownFileType = sourcecode.swift; path = ViewController.swift; sourceTree = "<group>"; };
		4195BA7E296E8CB900ED842C /* Base */ = {isa = PBXFileReference; lastKnownFileType = file.storyboard; name = Base; path = Base.lproj/Main.storyboard; sourceTree = "<group>"; };
		4195BA80296E8CB900ED842C /* Assets.xcassets */ = {isa = PBXFileReference; lastKnownFileType = folder.assetcatalog; path = Assets.xcassets; sourceTree = "<group>"; };
		4195BA83296E8CB900ED842C /* Base */ = {isa = PBXFileReference; lastKnownFileType = file.storyboard; name = Base; path = Base.lproj/LaunchScreen.storyboard; sourceTree = "<group>"; };
		4195BA85296E8CB900ED842C /* Info.plist */ = {isa = PBXFileReference; lastKnownFileType = text.plist.xml; path = Info.plist; sourceTree = "<group>"; };
		4195BA8B296E905900ED842C /* MyTabBarController.swift */ = {isa = PBXFileReference; lastKnownFileType = sourcecode.swift; path = MyTabBarController.swift; sourceTree = "<group>"; };
		4195BA8D296EAE7B00ED842C /* PLTabbar.swift */ = {isa = PBXFileReference; lastKnownFileType = sourcecode.swift; path = PLTabbar.swift; sourceTree = "<group>"; };
		4195BA8F296EBDC000ED842C /* UIColor+TBExtension.swift */ = {isa = PBXFileReference; lastKnownFileType = sourcecode.swift; path = "UIColor+TBExtension.swift"; sourceTree = "<group>"; };
		41C3F8DC298CEC0E008A5804 /* UIImageView+TBExtention.swift */ = {isa = PBXFileReference; lastKnownFileType = sourcecode.swift; path = "UIImageView+TBExtention.swift"; sourceTree = "<group>"; };
		41C3F8DE298CF3C4008A5804 /* UISwitch+TBExtension.swift */ = {isa = PBXFileReference; lastKnownFileType = sourcecode.swift; path = "UISwitch+TBExtension.swift"; sourceTree = "<group>"; };
		41C3F8E0298CF5E1008A5804 /* UITextField+TBExtension.swift */ = {isa = PBXFileReference; lastKnownFileType = sourcecode.swift; path = "UITextField+TBExtension.swift"; sourceTree = "<group>"; };
		41C3F8E2298CFA50008A5804 /* UITableView+TBExtention.swift */ = {isa = PBXFileReference; lastKnownFileType = sourcecode.swift; path = "UITableView+TBExtention.swift"; sourceTree = "<group>"; };
		41C3F8E4298CFA5F008A5804 /* UICollectionView+TBExtionsion.swift */ = {isa = PBXFileReference; lastKnownFileType = sourcecode.swift; path = "UICollectionView+TBExtionsion.swift"; sourceTree = "<group>"; };
		41C8CF1829879DC200A0E3F2 /* Constants.swift */ = {isa = PBXFileReference; lastKnownFileType = sourcecode.swift; path = Constants.swift; sourceTree = "<group>"; };
		746D8C6EF608B244F44D1CD6 /* Pods_PLFly.framework */ = {isa = PBXFileReference; explicitFileType = wrapper.framework; includeInIndex = 0; path = Pods_PLFly.framework; sourceTree = BUILT_PRODUCTS_DIR; };
		C552E9FF4FEB620EBE7AB7B9 /* Pods-PLFly.release.xcconfig */ = {isa = PBXFileReference; includeInIndex = 1; lastKnownFileType = text.xcconfig; name = "Pods-PLFly.release.xcconfig"; path = "Target Support Files/Pods-PLFly/Pods-PLFly.release.xcconfig"; sourceTree = "<group>"; };
		DDC6297F27B36D6563296F94 /* Pods-PLFly.debug.xcconfig */ = {isa = PBXFileReference; includeInIndex = 1; lastKnownFileType = text.xcconfig; name = "Pods-PLFly.debug.xcconfig"; path = "Target Support Files/Pods-PLFly/Pods-PLFly.debug.xcconfig"; sourceTree = "<group>"; };
/* End PBXFileReference section */

/* Begin PBXFrameworksBuildPhase section */
		4195BA71296E8CB900ED842C /* Frameworks */ = {
			isa = PBXFrameworksBuildPhase;
			buildActionMask = 2147483647;
			files = (
				5004513CC2204A1F27423E89 /* Pods_PLFly.framework in Frameworks */,
			);
			runOnlyForDeploymentPostprocessing = 0;
		};
/* End PBXFrameworksBuildPhase section */

/* Begin PBXGroup section */
		41126BF3298510D200D3EF12 /* Home */ = {
			isa = PBXGroup;
			children = (
				417AB0A7298A41230004B4E6 /* Views */,
				41126BF82985113900D3EF12 /* HomeController.swift */,
			);
			path = Home;
			sourceTree = "<group>";
		};
		41126BF5298510E900D3EF12 /* Study */ = {
			isa = PBXGroup;
			children = (
				41126BFA2985114C00D3EF12 /* StudyController.swift */,
			);
			path = Study;
			sourceTree = "<group>";
		};
		41126BF6298510FA00D3EF12 /* Delivery */ = {
			isa = PBXGroup;
			children = (
				41126BFC2985115A00D3EF12 /* DeliveryController.swift */,
			);
			path = Delivery;
			sourceTree = "<group>";
		};
		41126BF72985112100D3EF12 /* Mine */ = {
			isa = PBXGroup;
			children = (
				41126BFE2985116700D3EF12 /* MineController.swift */,
			);
			path = Mine;
			sourceTree = "<group>";
		};
		414AB3E629866E4400A5E119 /* LoadMethod1 */ = {
			isa = PBXGroup;
			children = (
				414AB3DE29865C5500A5E119 /* Monitor.swift */,
				414AB3E4298662FD00A5E119 /* TestMonitor.swift */,
				414AB3E129865CEC00A5E119 /* Monitor+Private.h */,
				414AB3E229865CEC00A5E119 /* Monitor+Private.m */,
			);
			path = LoadMethod1;
			sourceTree = "<group>";
		};
		414AB3E729866E5C00A5E119 /* LoadMethod2 */ = {
			isa = PBXGroup;
			children = (
				414AB3E829866E8700A5E119 /* NSSwiftLoadProtocol.h */,
				414AB3E929866F3300A5E119 /* NSSwiftLoadProtocol.m */,
			);
			path = LoadMethod2;
			sourceTree = "<group>";
		};
		417AB0A42987C0070004B4E6 /* Zpz */ = {
			isa = PBXGroup;
			children = (
				417645C9298BC6FE00F8F2A9 /* Array+TBExtension.swift */,
				417645C5298BC63500F8F2A9 /* Bool+TBExtention.swift */,
				417645C3298BC4B000F8F2A9 /* Bundle+TBExtension.swift */,
				417AB0BF298BB5280004B4E6 /* CAGradientLayer+TBExtension.swift */,
				417645BB298BC04B00F8F2A9 /* Data+TBExtention.swift */,
				417645BD298BC0A100F8F2A9 /* DateFormatter+TBExtension.swift */,
				417645C7298BC65700F8F2A9 /* Double+TBExtionsion.swift */,
				417645D7298BD07C00F8F2A9 /* FileManager+TBExtention.swift */,
				417645CF298BCA8E00F8F2A9 /* NSAttributedString+TBExtension.swift */,
				417645BF298BC22100F8F2A9 /* String+TBExtention.swift */,
				417645D5298BCE4B00F8F2A9 /* TBAsyncs.swift */,
				417AB0BD298BB0040004B4E6 /* TBClosure.swift */,
				417AB0A52987C0500004B4E6 /* TBPOP.swift */,
				4187F222298BBC9100BD4C38 /* TBPrint.swift */,
				417645C1298BC39900F8F2A9 /* TBRegexHelper.swift */,
				4187F220298BBBC900BD4C38 /* TBRuntime.swift */,
				417AB0B4298A6E740004B4E6 /* UIButton+TBExtention.swift */,
				4195BA8F296EBDC000ED842C /* UIColor+TBExtension.swift */,
				417645D3298BCDF300F8F2A9 /* UIControl+TBExtention.swift */,
				417645D1298BCAF200F8F2A9 /* UIDevice+TBExtension.swift */,
				417645CD298BC89300F8F2A9 /* UIImage+TBExtension.swift */,
				417AB0B9298B8D7E0004B4E6 /* UILabel+TBExtention.swift */,
				417AB0BB298B924F0004B4E6 /* UIView+TBExtention.swift */,
				417645CB298BC78400F8F2A9 /* UIVisualEffectView+TBExtension.swift */,
				417645D9298CA7BC00F8F2A9 /* UIAlertController+TBExtention.swift */,
				41C3F8DC298CEC0E008A5804 /* UIImageView+TBExtention.swift */,
				41C3F8DE298CF3C4008A5804 /* UISwitch+TBExtension.swift */,
				41C3F8E0298CF5E1008A5804 /* UITextField+TBExtension.swift */,
				41C3F8E2298CFA50008A5804 /* UITableView+TBExtention.swift */,
				41C3F8E4298CFA5F008A5804 /* UICollectionView+TBExtionsion.swift */,
			);
			path = Zpz;
			sourceTree = "<group>";
		};
		417AB0A7298A41230004B4E6 /* Views */ = {
			isa = PBXGroup;
			children = (
				417AB0A8298A41310004B4E6 /* HomeNavBar.swift */,
			);
			path = Views;
			sourceTree = "<group>";
		};
		417AB0AA298A47E10004B4E6 /* categorys */ = {
			isa = PBXGroup;
			children = (
				417AB0AB298A47F50004B4E6 /* UIButton+PAITAdd.h */,
				417AB0AC298A47F50004B4E6 /* UIButton+PAITAdd.m */,
			);
			path = categorys;
			sourceTree = "<group>";
		};
		4195BA6B296E8CB900ED842C = {
			isa = PBXGroup;
			children = (
				4195BA76296E8CB900ED842C /* PLFly */,
				4195BA75296E8CB900ED842C /* Products */,
				F9EBBB7C837F297F75927FA8 /* Pods */,
				B9CEA8BA69663ED5AC48A3B5 /* Frameworks */,
			);
			sourceTree = "<group>";
		};
		4195BA75296E8CB900ED842C /* Products */ = {
			isa = PBXGroup;
			children = (
				4195BA74296E8CB900ED842C /* PLFly.app */,
			);
			name = Products;
			sourceTree = "<group>";
		};
		4195BA76296E8CB900ED842C /* PLFly */ = {
			isa = PBXGroup;
			children = (
				417AB0AA298A47E10004B4E6 /* categorys */,
				417AB0A42987C0070004B4E6 /* Zpz */,
				41C8CF1729879DA900A0E3F2 /* Common */,
				41C8CF16298765CF00A0E3F2 /* Tabbar */,
				41126BF72985112100D3EF12 /* Mine */,
				41126BF6298510FA00D3EF12 /* Delivery */,
				41126BF5298510E900D3EF12 /* Study */,
				41126BF3298510D200D3EF12 /* Home */,
				4195BA77296E8CB900ED842C /* AppDelegate.swift */,
				4195BA79296E8CB900ED842C /* SceneDelegate.swift */,
				4195BA7B296E8CB900ED842C /* ViewController.swift */,
				414AB3E729866E5C00A5E119 /* LoadMethod2 */,
				414AB3E629866E4400A5E119 /* LoadMethod1 */,
				4195BA91296EC9E200ED842C /* UIKitExtension */,
				417AB0B7298B57040004B4E6 /* R.generated.swift */,
				4195BA7D296E8CB900ED842C /* Main.storyboard */,
				4195BA80296E8CB900ED842C /* Assets.xcassets */,
				4195BA82296E8CB900ED842C /* LaunchScreen.storyboard */,
				4195BA85296E8CB900ED842C /* Info.plist */,
				414AB3E029865CEC00A5E119 /* PLFly-Bridging-Header.h */,
			);
			path = PLFly;
			sourceTree = "<group>";
		};
		4195BA91296EC9E200ED842C /* UIKitExtension */ = {
			isa = PBXGroup;
			children = (
			);
			path = UIKitExtension;
			sourceTree = "<group>";
		};
		41C8CF16298765CF00A0E3F2 /* Tabbar */ = {
			isa = PBXGroup;
			children = (
				4195BA8B296E905900ED842C /* MyTabBarController.swift */,
				4195BA8D296EAE7B00ED842C /* PLTabbar.swift */,
			);
			path = Tabbar;
			sourceTree = "<group>";
		};
		41C8CF1729879DA900A0E3F2 /* Common */ = {
			isa = PBXGroup;
			children = (
				41C8CF1829879DC200A0E3F2 /* Constants.swift */,
				417AB0AE298A49CE0004B4E6 /* Theme.swift */,
				417AB0B0298A5A040004B4E6 /* AppUtil.swift */,
				417AB0B2298A5B2C0004B4E6 /* DeviceUtils.swift */,
			);
			path = Common;
			sourceTree = "<group>";
		};
		B9CEA8BA69663ED5AC48A3B5 /* Frameworks */ = {
			isa = PBXGroup;
			children = (
				746D8C6EF608B244F44D1CD6 /* Pods_PLFly.framework */,
			);
			name = Frameworks;
			sourceTree = "<group>";
		};
		F9EBBB7C837F297F75927FA8 /* Pods */ = {
			isa = PBXGroup;
			children = (
				DDC6297F27B36D6563296F94 /* Pods-PLFly.debug.xcconfig */,
				C552E9FF4FEB620EBE7AB7B9 /* Pods-PLFly.release.xcconfig */,
			);
			path = Pods;
			sourceTree = "<group>";
		};
/* End PBXGroup section */

/* Begin PBXNativeTarget section */
		4195BA73296E8CB900ED842C /* PLFly */ = {
			isa = PBXNativeTarget;
			buildConfigurationList = 4195BA88296E8CB900ED842C /* Build configuration list for PBXNativeTarget "PLFly" */;
			buildPhases = (
				E91EDDFA08DB3001451A79E0 /* [CP] Check Pods Manifest.lock */,
				417AB0B6298B556B0004B4E6 /* R func script */,
				4195BA70296E8CB900ED842C /* Sources */,
				4195BA71296E8CB900ED842C /* Frameworks */,
				4195BA72296E8CB900ED842C /* Resources */,
				B1CFEDFA66D4DE8735906455 /* [CP] Embed Pods Frameworks */,
			);
			buildRules = (
			);
			dependencies = (
			);
			name = PLFly;
			productName = PLFly;
			productReference = 4195BA74296E8CB900ED842C /* PLFly.app */;
			productType = "com.apple.product-type.application";
		};
/* End PBXNativeTarget section */

/* Begin PBXProject section */
		4195BA6C296E8CB900ED842C /* Project object */ = {
			isa = PBXProject;
			attributes = {
				BuildIndependentTargetsInParallel = 1;
				LastSwiftUpdateCheck = 1410;
				LastUpgradeCheck = 1410;
				TargetAttributes = {
					4195BA73296E8CB900ED842C = {
						CreatedOnToolsVersion = 14.1;
						LastSwiftMigration = 1410;
					};
				};
			};
			buildConfigurationList = 4195BA6F296E8CB900ED842C /* Build configuration list for PBXProject "PLFly" */;
			compatibilityVersion = "Xcode 14.0";
			developmentRegion = en;
			hasScannedForEncodings = 0;
			knownRegions = (
				en,
				Base,
			);
			mainGroup = 4195BA6B296E8CB900ED842C;
			productRefGroup = 4195BA75296E8CB900ED842C /* Products */;
			projectDirPath = "";
			projectRoot = "";
			targets = (
				4195BA73296E8CB900ED842C /* PLFly */,
			);
		};
/* End PBXProject section */

/* Begin PBXResourcesBuildPhase section */
		4195BA72296E8CB900ED842C /* Resources */ = {
			isa = PBXResourcesBuildPhase;
			buildActionMask = 2147483647;
			files = (
				4195BA84296E8CB900ED842C /* LaunchScreen.storyboard in Resources */,
				4195BA81296E8CB900ED842C /* Assets.xcassets in Resources */,
				4195BA7F296E8CB900ED842C /* Main.storyboard in Resources */,
			);
			runOnlyForDeploymentPostprocessing = 0;
		};
/* End PBXResourcesBuildPhase section */

/* Begin PBXShellScriptBuildPhase section */
		417AB0B6298B556B0004B4E6 /* R func script */ = {
			isa = PBXShellScriptBuildPhase;
			buildActionMask = 2147483647;
			files = (
			);
			inputFileListPaths = (
			);
			inputPaths = (
				"$TEMP_DIR/rswift-lastrun",
			);
			name = "R func script";
			outputFileListPaths = (
			);
			outputPaths = (
				$SRCROOT/R.generated.swift,
			);
			runOnlyForDeploymentPostprocessing = 0;
			shellPath = /bin/sh;
			shellScript = "# Type a script or drag a script file from your workspace to insert its path.\n\"$PODS_ROOT/R.swift/rswift\" generate \"$SRCROOT/R.generated.swift\"\n\n";
		};
		B1CFEDFA66D4DE8735906455 /* [CP] Embed Pods Frameworks */ = {
			isa = PBXShellScriptBuildPhase;
			buildActionMask = 2147483647;
			files = (
			);
			inputFileListPaths = (
				"${PODS_ROOT}/Target Support Files/Pods-PLFly/Pods-PLFly-frameworks-${CONFIGURATION}-input-files.xcfilelist",
			);
			name = "[CP] Embed Pods Frameworks";
			outputFileListPaths = (
				"${PODS_ROOT}/Target Support Files/Pods-PLFly/Pods-PLFly-frameworks-${CONFIGURATION}-output-files.xcfilelist",
			);
			runOnlyForDeploymentPostprocessing = 0;
			shellPath = /bin/sh;
			shellScript = "\"${PODS_ROOT}/Target Support Files/Pods-PLFly/Pods-PLFly-frameworks.sh\"\n";
			showEnvVarsInLog = 0;
		};
		E91EDDFA08DB3001451A79E0 /* [CP] Check Pods Manifest.lock */ = {
			isa = PBXShellScriptBuildPhase;
			buildActionMask = 2147483647;
			files = (
			);
			inputFileListPaths = (
			);
			inputPaths = (
				"${PODS_PODFILE_DIR_PATH}/Podfile.lock",
				"${PODS_ROOT}/Manifest.lock",
			);
			name = "[CP] Check Pods Manifest.lock";
			outputFileListPaths = (
			);
			outputPaths = (
				"$(DERIVED_FILE_DIR)/Pods-PLFly-checkManifestLockResult.txt",
			);
			runOnlyForDeploymentPostprocessing = 0;
			shellPath = /bin/sh;
			shellScript = "diff \"${PODS_PODFILE_DIR_PATH}/Podfile.lock\" \"${PODS_ROOT}/Manifest.lock\" > /dev/null\nif [ $? != 0 ] ; then\n    # print error to STDERR\n    echo \"error: The sandbox is not in sync with the Podfile.lock. Run 'pod install' or update your CocoaPods installation.\" >&2\n    exit 1\nfi\n# This output is used by Xcode 'outputs' to avoid re-running this script phase.\necho \"SUCCESS\" > \"${SCRIPT_OUTPUT_FILE_0}\"\n";
			showEnvVarsInLog = 0;
		};
/* End PBXShellScriptBuildPhase section */

/* Begin PBXSourcesBuildPhase section */
		4195BA70296E8CB900ED842C /* Sources */ = {
			isa = PBXSourcesBuildPhase;
			buildActionMask = 2147483647;
			files = (
				417645D4298BCDF300F8F2A9 /* UIControl+TBExtention.swift in Sources */,
				4195BA7C296E8CB900ED842C /* ViewController.swift in Sources */,
				417645DA298CA7BC00F8F2A9 /* UIAlertController+TBExtention.swift in Sources */,
				417645CC298BC78400F8F2A9 /* UIVisualEffectView+TBExtension.swift in Sources */,
				414AB3DF29865C5500A5E119 /* Monitor.swift in Sources */,
				417645BC298BC04B00F8F2A9 /* Data+TBExtention.swift in Sources */,
				41C3F8DF298CF3C4008A5804 /* UISwitch+TBExtension.swift in Sources */,
				417645CE298BC89300F8F2A9 /* UIImage+TBExtension.swift in Sources */,
				417AB0B3298A5B2C0004B4E6 /* DeviceUtils.swift in Sources */,
				414AB3EA29866F3300A5E119 /* NSSwiftLoadProtocol.m in Sources */,
				4195BA8C296E905900ED842C /* MyTabBarController.swift in Sources */,
				41126BFD2985115A00D3EF12 /* DeliveryController.swift in Sources */,
				417645BE298BC0A100F8F2A9 /* DateFormatter+TBExtension.swift in Sources */,
				41C3F8E1298CF5E1008A5804 /* UITextField+TBExtension.swift in Sources */,
				41126BF92985113900D3EF12 /* HomeController.swift in Sources */,
				417645C4298BC4B000F8F2A9 /* Bundle+TBExtension.swift in Sources */,
				41C3F8E3298CFA50008A5804 /* UITableView+TBExtention.swift in Sources */,
				417645C0298BC22100F8F2A9 /* String+TBExtention.swift in Sources */,
				417645C2298BC39900F8F2A9 /* TBRegexHelper.swift in Sources */,
				417AB0AF298A49CE0004B4E6 /* Theme.swift in Sources */,
				417AB0BA298B8D7E0004B4E6 /* UILabel+TBExtention.swift in Sources */,
				417AB0A62987C0500004B4E6 /* TBPOP.swift in Sources */,
				41C3F8E5298CFA5F008A5804 /* UICollectionView+TBExtionsion.swift in Sources */,
				417AB0B1298A5A040004B4E6 /* AppUtil.swift in Sources */,
				417AB0B8298B57040004B4E6 /* R.generated.swift in Sources */,
				417645D6298BCE4B00F8F2A9 /* TBAsyncs.swift in Sources */,
				4187F223298BBC9100BD4C38 /* TBPrint.swift in Sources */,
				417AB0BC298B924F0004B4E6 /* UIView+TBExtention.swift in Sources */,
				417645D0298BCA8E00F8F2A9 /* NSAttributedString+TBExtension.swift in Sources */,
				4195BA8E296EAE7B00ED842C /* PLTabbar.swift in Sources */,
				417645C8298BC65700F8F2A9 /* Double+TBExtionsion.swift in Sources */,
				41C3F8DD298CEC0E008A5804 /* UIImageView+TBExtention.swift in Sources */,
				417645D8298BD07C00F8F2A9 /* FileManager+TBExtention.swift in Sources */,
				417AB0C0298BB5280004B4E6 /* CAGradientLayer+TBExtension.swift in Sources */,
				414AB3E5298662FD00A5E119 /* TestMonitor.swift in Sources */,
				417AB0A9298A41310004B4E6 /* HomeNavBar.swift in Sources */,
				4195BA90296EBDC000ED842C /* UIColor+TBExtension.swift in Sources */,
				41126BFB2985114C00D3EF12 /* StudyController.swift in Sources */,
				417645C6298BC63500F8F2A9 /* Bool+TBExtention.swift in Sources */,
				417AB0AD298A47F50004B4E6 /* UIButton+PAITAdd.m in Sources */,
				4195BA78296E8CB900ED842C /* AppDelegate.swift in Sources */,
				41126BFF2985116700D3EF12 /* MineController.swift in Sources */,
				4187F221298BBBC900BD4C38 /* TBRuntime.swift in Sources */,
				41C8CF1929879DC200A0E3F2 /* Constants.swift in Sources */,
				414AB3E329865CEC00A5E119 /* Monitor+Private.m in Sources */,
				417645D2298BCAF200F8F2A9 /* UIDevice+TBExtension.swift in Sources */,
				4195BA7A296E8CB900ED842C /* SceneDelegate.swift in Sources */,
				417AB0B5298A6E740004B4E6 /* UIButton+TBExtention.swift in Sources */,
				417AB0BE298BB0040004B4E6 /* TBClosure.swift in Sources */,
				417645CA298BC6FE00F8F2A9 /* Array+TBExtension.swift in Sources */,
			);
			runOnlyForDeploymentPostprocessing = 0;
		};
/* End PBXSourcesBuildPhase section */

/* Begin PBXVariantGroup section */
		4195BA7D296E8CB900ED842C /* Main.storyboard */ = {
			isa = PBXVariantGroup;
			children = (
				4195BA7E296E8CB900ED842C /* Base */,
			);
			name = Main.storyboard;
			sourceTree = "<group>";
		};
		4195BA82296E8CB900ED842C /* LaunchScreen.storyboard */ = {
			isa = PBXVariantGroup;
			children = (
				4195BA83296E8CB900ED842C /* Base */,
			);
			name = LaunchScreen.storyboard;
			sourceTree = "<group>";
		};
/* End PBXVariantGroup section */

/* Begin XCBuildConfiguration section */
		4195BA86296E8CB900ED842C /* Debug */ = {
			isa = XCBuildConfiguration;
			buildSettings = {
				ALWAYS_SEARCH_USER_PATHS = NO;
				CLANG_ANALYZER_NONNULL = YES;
				CLANG_ANALYZER_NUMBER_OBJECT_CONVERSION = YES_AGGRESSIVE;
				CLANG_CXX_LANGUAGE_STANDARD = "gnu++20";
				CLANG_ENABLE_MODULES = YES;
				CLANG_ENABLE_OBJC_ARC = YES;
				CLANG_ENABLE_OBJC_WEAK = YES;
				CLANG_WARN_BLOCK_CAPTURE_AUTORELEASING = YES;
				CLANG_WARN_BOOL_CONVERSION = YES;
				CLANG_WARN_COMMA = YES;
				CLANG_WARN_CONSTANT_CONVERSION = YES;
				CLANG_WARN_DEPRECATED_OBJC_IMPLEMENTATIONS = YES;
				CLANG_WARN_DIRECT_OBJC_ISA_USAGE = YES_ERROR;
				CLANG_WARN_DOCUMENTATION_COMMENTS = YES;
				CLANG_WARN_EMPTY_BODY = YES;
				CLANG_WARN_ENUM_CONVERSION = YES;
				CLANG_WARN_INFINITE_RECURSION = YES;
				CLANG_WARN_INT_CONVERSION = YES;
				CLANG_WARN_NON_LITERAL_NULL_CONVERSION = YES;
				CLANG_WARN_OBJC_IMPLICIT_RETAIN_SELF = YES;
				CLANG_WARN_OBJC_LITERAL_CONVERSION = YES;
				CLANG_WARN_OBJC_ROOT_CLASS = YES_ERROR;
				CLANG_WARN_QUOTED_INCLUDE_IN_FRAMEWORK_HEADER = YES;
				CLANG_WARN_RANGE_LOOP_ANALYSIS = YES;
				CLANG_WARN_STRICT_PROTOTYPES = YES;
				CLANG_WARN_SUSPICIOUS_MOVE = YES;
				CLANG_WARN_UNGUARDED_AVAILABILITY = YES_AGGRESSIVE;
				CLANG_WARN_UNREACHABLE_CODE = YES;
				CLANG_WARN__DUPLICATE_METHOD_MATCH = YES;
				COPY_PHASE_STRIP = NO;
				DEBUG_INFORMATION_FORMAT = dwarf;
				ENABLE_STRICT_OBJC_MSGSEND = YES;
				ENABLE_TESTABILITY = YES;
				GCC_C_LANGUAGE_STANDARD = gnu11;
				GCC_DYNAMIC_NO_PIC = NO;
				GCC_NO_COMMON_BLOCKS = YES;
				GCC_OPTIMIZATION_LEVEL = 0;
				GCC_PREPROCESSOR_DEFINITIONS = (
					"DEBUG=1",
					"$(inherited)",
				);
				GCC_WARN_64_TO_32_BIT_CONVERSION = YES;
				GCC_WARN_ABOUT_RETURN_TYPE = YES_ERROR;
				GCC_WARN_UNDECLARED_SELECTOR = YES;
				GCC_WARN_UNINITIALIZED_AUTOS = YES_AGGRESSIVE;
				GCC_WARN_UNUSED_FUNCTION = YES;
				GCC_WARN_UNUSED_VARIABLE = YES;
				IPHONEOS_DEPLOYMENT_TARGET = 16.1;
				MTL_ENABLE_DEBUG_INFO = INCLUDE_SOURCE;
				MTL_FAST_MATH = YES;
				ONLY_ACTIVE_ARCH = YES;
				SDKROOT = iphoneos;
				SWIFT_ACTIVE_COMPILATION_CONDITIONS = DEBUG;
				SWIFT_OPTIMIZATION_LEVEL = "-Onone";
			};
			name = Debug;
		};
		4195BA87296E8CB900ED842C /* Release */ = {
			isa = XCBuildConfiguration;
			buildSettings = {
				ALWAYS_SEARCH_USER_PATHS = NO;
				CLANG_ANALYZER_NONNULL = YES;
				CLANG_ANALYZER_NUMBER_OBJECT_CONVERSION = YES_AGGRESSIVE;
				CLANG_CXX_LANGUAGE_STANDARD = "gnu++20";
				CLANG_ENABLE_MODULES = YES;
				CLANG_ENABLE_OBJC_ARC = YES;
				CLANG_ENABLE_OBJC_WEAK = YES;
				CLANG_WARN_BLOCK_CAPTURE_AUTORELEASING = YES;
				CLANG_WARN_BOOL_CONVERSION = YES;
				CLANG_WARN_COMMA = YES;
				CLANG_WARN_CONSTANT_CONVERSION = YES;
				CLANG_WARN_DEPRECATED_OBJC_IMPLEMENTATIONS = YES;
				CLANG_WARN_DIRECT_OBJC_ISA_USAGE = YES_ERROR;
				CLANG_WARN_DOCUMENTATION_COMMENTS = YES;
				CLANG_WARN_EMPTY_BODY = YES;
				CLANG_WARN_ENUM_CONVERSION = YES;
				CLANG_WARN_INFINITE_RECURSION = YES;
				CLANG_WARN_INT_CONVERSION = YES;
				CLANG_WARN_NON_LITERAL_NULL_CONVERSION = YES;
				CLANG_WARN_OBJC_IMPLICIT_RETAIN_SELF = YES;
				CLANG_WARN_OBJC_LITERAL_CONVERSION = YES;
				CLANG_WARN_OBJC_ROOT_CLASS = YES_ERROR;
				CLANG_WARN_QUOTED_INCLUDE_IN_FRAMEWORK_HEADER = YES;
				CLANG_WARN_RANGE_LOOP_ANALYSIS = YES;
				CLANG_WARN_STRICT_PROTOTYPES = YES;
				CLANG_WARN_SUSPICIOUS_MOVE = YES;
				CLANG_WARN_UNGUARDED_AVAILABILITY = YES_AGGRESSIVE;
				CLANG_WARN_UNREACHABLE_CODE = YES;
				CLANG_WARN__DUPLICATE_METHOD_MATCH = YES;
				COPY_PHASE_STRIP = NO;
				DEBUG_INFORMATION_FORMAT = "dwarf-with-dsym";
				ENABLE_NS_ASSERTIONS = NO;
				ENABLE_STRICT_OBJC_MSGSEND = YES;
				GCC_C_LANGUAGE_STANDARD = gnu11;
				GCC_NO_COMMON_BLOCKS = YES;
				GCC_WARN_64_TO_32_BIT_CONVERSION = YES;
				GCC_WARN_ABOUT_RETURN_TYPE = YES_ERROR;
				GCC_WARN_UNDECLARED_SELECTOR = YES;
				GCC_WARN_UNINITIALIZED_AUTOS = YES_AGGRESSIVE;
				GCC_WARN_UNUSED_FUNCTION = YES;
				GCC_WARN_UNUSED_VARIABLE = YES;
				IPHONEOS_DEPLOYMENT_TARGET = 16.1;
				MTL_ENABLE_DEBUG_INFO = NO;
				MTL_FAST_MATH = YES;
				SDKROOT = iphoneos;
				SWIFT_COMPILATION_MODE = wholemodule;
				SWIFT_OPTIMIZATION_LEVEL = "-O";
				VALIDATE_PRODUCT = YES;
			};
			name = Release;
		};
		4195BA89296E8CB900ED842C /* Debug */ = {
			isa = XCBuildConfiguration;
			baseConfigurationReference = DDC6297F27B36D6563296F94 /* Pods-PLFly.debug.xcconfig */;
			buildSettings = {
				ASSETCATALOG_COMPILER_APPICON_NAME = AppIcon;
				ASSETCATALOG_COMPILER_GLOBAL_ACCENT_COLOR_NAME = AccentColor;
				CLANG_ENABLE_MODULES = YES;
				CODE_SIGN_STYLE = Automatic;
				CURRENT_PROJECT_VERSION = 1;
				GENERATE_INFOPLIST_FILE = YES;
				INFOPLIST_FILE = PLFly/Info.plist;
				INFOPLIST_KEY_UIApplicationSupportsIndirectInputEvents = YES;
				INFOPLIST_KEY_UILaunchStoryboardName = "";
				INFOPLIST_KEY_UIMainStoryboardFile = Main;
				INFOPLIST_KEY_UISupportedInterfaceOrientations_iPad = "UIInterfaceOrientationPortrait UIInterfaceOrientationPortraitUpsideDown UIInterfaceOrientationLandscapeLeft UIInterfaceOrientationLandscapeRight";
				INFOPLIST_KEY_UISupportedInterfaceOrientations_iPhone = "UIInterfaceOrientationPortrait UIInterfaceOrientationLandscapeLeft UIInterfaceOrientationLandscapeRight";
				IPHONEOS_DEPLOYMENT_TARGET = 13.0;
				LD_RUNPATH_SEARCH_PATHS = (
					"$(inherited)",
					"@executable_path/Frameworks",
				);
				MARKETING_VERSION = 1.0;
				PRODUCT_BUNDLE_IDENTIFIER = com.zpz.PLFly;
				PRODUCT_NAME = "$(TARGET_NAME)";
				SWIFT_EMIT_LOC_STRINGS = YES;
				SWIFT_OBJC_BRIDGING_HEADER = "PLFly/PLFly-Bridging-Header.h";
				SWIFT_OPTIMIZATION_LEVEL = "-Onone";
				SWIFT_VERSION = 5.0;
				TARGETED_DEVICE_FAMILY = "1,2";
			};
			name = Debug;
		};
		4195BA8A296E8CB900ED842C /* Release */ = {
			isa = XCBuildConfiguration;
			baseConfigurationReference = C552E9FF4FEB620EBE7AB7B9 /* Pods-PLFly.release.xcconfig */;
			buildSettings = {
				ASSETCATALOG_COMPILER_APPICON_NAME = AppIcon;
				ASSETCATALOG_COMPILER_GLOBAL_ACCENT_COLOR_NAME = AccentColor;
				CLANG_ENABLE_MODULES = YES;
				CODE_SIGN_STYLE = Automatic;
				CURRENT_PROJECT_VERSION = 1;
				GENERATE_INFOPLIST_FILE = YES;
				INFOPLIST_FILE = PLFly/Info.plist;
				INFOPLIST_KEY_UIApplicationSupportsIndirectInputEvents = YES;
				INFOPLIST_KEY_UILaunchStoryboardName = "";
				INFOPLIST_KEY_UIMainStoryboardFile = Main;
				INFOPLIST_KEY_UISupportedInterfaceOrientations_iPad = "UIInterfaceOrientationPortrait UIInterfaceOrientationPortraitUpsideDown UIInterfaceOrientationLandscapeLeft UIInterfaceOrientationLandscapeRight";
				INFOPLIST_KEY_UISupportedInterfaceOrientations_iPhone = "UIInterfaceOrientationPortrait UIInterfaceOrientationLandscapeLeft UIInterfaceOrientationLandscapeRight";
				IPHONEOS_DEPLOYMENT_TARGET = 13.0;
				LD_RUNPATH_SEARCH_PATHS = (
					"$(inherited)",
					"@executable_path/Frameworks",
				);
				MARKETING_VERSION = 1.0;
				PRODUCT_BUNDLE_IDENTIFIER = com.zpz.PLFly;
				PRODUCT_NAME = "$(TARGET_NAME)";
				SWIFT_EMIT_LOC_STRINGS = YES;
				SWIFT_OBJC_BRIDGING_HEADER = "PLFly/PLFly-Bridging-Header.h";
				SWIFT_VERSION = 5.0;
				TARGETED_DEVICE_FAMILY = "1,2";
			};
			name = Release;
		};
/* End XCBuildConfiguration section */

/* Begin XCConfigurationList section */
		4195BA6F296E8CB900ED842C /* Build configuration list for PBXProject "PLFly" */ = {
			isa = XCConfigurationList;
			buildConfigurations = (
				4195BA86296E8CB900ED842C /* Debug */,
				4195BA87296E8CB900ED842C /* Release */,
			);
			defaultConfigurationIsVisible = 0;
			defaultConfigurationName = Release;
		};
		4195BA88296E8CB900ED842C /* Build configuration list for PBXNativeTarget "PLFly" */ = {
			isa = XCConfigurationList;
			buildConfigurations = (
				4195BA89296E8CB900ED842C /* Debug */,
				4195BA8A296E8CB900ED842C /* Release */,
			);
			defaultConfigurationIsVisible = 0;
			defaultConfigurationName = Release;
		};
/* End XCConfigurationList section */
	};
	rootObject = 4195BA6C296E8CB900ED842C /* Project object */;
}
