// !$*UTF8*$!
{
	archiveVersion = 1;
	classes = {
	};
	objectVersion = 56;
	objects = {

/* Begin PBXBuildFile section */
		41126BF92985113900D3EF12 /* HomeController.swift in Sources */ = {isa = PBXBuildFile; fileRef = 41126BF82985113900D3EF12 /* HomeController.swift */; };
		41126BFB2985114C00D3EF12 /* StudyController.swift in Sources */ = {isa = PBXBuildFile; fileRef = 41126BFA2985114C00D3EF12 /* StudyController.swift */; };
		41126BFD2985115A00D3EF12 /* DeliveryController.swift in Sources */ = {isa = PBXBuildFile; fileRef = 41126BFC2985115A00D3EF12 /* DeliveryController.swift */; };
		41126BFF2985116700D3EF12 /* MineController.swift in Sources */ = {isa = PBXBuildFile; fileRef = 41126BFE2985116700D3EF12 /* MineController.swift */; };
		414AB3DF29865C5500A5E119 /* Monitor.swift in Sources */ = {isa = PBXBuildFile; fileRef = 414AB3DE29865C5500A5E119 /* Monitor.swift */; };
		414AB3E329865CEC00A5E119 /* Monitor+Private.m in Sources */ = {isa = PBXBuildFile; fileRef = 414AB3E229865CEC00A5E119 /* Monitor+Private.m */; };
		414AB3E5298662FD00A5E119 /* TestMonitor.swift in Sources */ = {isa = PBXBuildFile; fileRef = 414AB3E4298662FD00A5E119 /* TestMonitor.swift */; };
		4195BA78296E8CB900ED842C /* AppDelegate.swift in Sources */ = {isa = PBXBuildFile; fileRef = 4195BA77296E8CB900ED842C /* AppDelegate.swift */; };
		4195BA7A296E8CB900ED842C /* SceneDelegate.swift in Sources */ = {isa = PBXBuildFile; fileRef = 4195BA79296E8CB900ED842C /* SceneDelegate.swift */; };
		4195BA7C296E8CB900ED842C /* ViewController.swift in Sources */ = {isa = PBXBuildFile; fileRef = 4195BA7B296E8CB900ED842C /* ViewController.swift */; };
		4195BA7F296E8CB900ED842C /* Main.storyboard in Resources */ = {isa = PBXBuildFile; fileRef = 4195BA7D296E8CB900ED842C /* Main.storyboard */; };
		4195BA81296E8CB900ED842C /* Assets.xcassets in Resources */ = {isa = PBXBuildFile; fileRef = 4195BA80296E8CB900ED842C /* Assets.xcassets */; };
		4195BA84296E8CB900ED842C /* LaunchScreen.storyboard in Resources */ = {isa = PBXBuildFile; fileRef = 4195BA82296E8CB900ED842C /* LaunchScreen.storyboard */; };
		4195BA8C296E905900ED842C /* MyTabBarController.swift in Sources */ = {isa = PBXBuildFile; fileRef = 4195BA8B296E905900ED842C /* MyTabBarController.swift */; };
		4195BA8E296EAE7B00ED842C /* PLTabbar.swift in Sources */ = {isa = PBXBuildFile; fileRef = 4195BA8D296EAE7B00ED842C /* PLTabbar.swift */; };
		4195BA90296EBDC000ED842C /* UIColor+Extension.swift in Sources */ = {isa = PBXBuildFile; fileRef = 4195BA8F296EBDC000ED842C /* UIColor+Extension.swift */; };
/* End PBXBuildFile section */

/* Begin PBXFileReference section */
		41126BF82985113900D3EF12 /* HomeController.swift */ = {isa = PBXFileReference; lastKnownFileType = sourcecode.swift; path = HomeController.swift; sourceTree = "<group>"; };
		41126BFA2985114C00D3EF12 /* StudyController.swift */ = {isa = PBXFileReference; lastKnownFileType = sourcecode.swift; path = StudyController.swift; sourceTree = "<group>"; };
		41126BFC2985115A00D3EF12 /* DeliveryController.swift */ = {isa = PBXFileReference; lastKnownFileType = sourcecode.swift; path = DeliveryController.swift; sourceTree = "<group>"; };
		41126BFE2985116700D3EF12 /* MineController.swift */ = {isa = PBXFileReference; lastKnownFileType = sourcecode.swift; path = MineController.swift; sourceTree = "<group>"; };
		414AB3DE29865C5500A5E119 /* Monitor.swift */ = {isa = PBXFileReference; lastKnownFileType = sourcecode.swift; path = Monitor.swift; sourceTree = "<group>"; };
		414AB3E029865CEC00A5E119 /* PLFly-Bridging-Header.h */ = {isa = PBXFileReference; lastKnownFileType = sourcecode.c.h; path = "PLFly-Bridging-Header.h"; sourceTree = "<group>"; };
		414AB3E129865CEC00A5E119 /* Monitor+Private.h */ = {isa = PBXFileReference; lastKnownFileType = sourcecode.c.h; path = "Monitor+Private.h"; sourceTree = "<group>"; };
		414AB3E229865CEC00A5E119 /* Monitor+Private.m */ = {isa = PBXFileReference; lastKnownFileType = sourcecode.c.objc; path = "Monitor+Private.m"; sourceTree = "<group>"; };
		414AB3E4298662FD00A5E119 /* TestMonitor.swift */ = {isa = PBXFileReference; lastKnownFileType = sourcecode.swift; path = TestMonitor.swift; sourceTree = "<group>"; };
		4195BA74296E8CB900ED842C /* PLFly.app */ = {isa = PBXFileReference; explicitFileType = wrapper.application; includeInIndex = 0; path = PLFly.app; sourceTree = BUILT_PRODUCTS_DIR; };
		4195BA77296E8CB900ED842C /* AppDelegate.swift */ = {isa = PBXFileReference; lastKnownFileType = sourcecode.swift; path = AppDelegate.swift; sourceTree = "<group>"; };
		4195BA79296E8CB900ED842C /* SceneDelegate.swift */ = {isa = PBXFileReference; lastKnownFileType = sourcecode.swift; path = SceneDelegate.swift; sourceTree = "<group>"; };
		4195BA7B296E8CB900ED842C /* ViewController.swift */ = {isa = PBXFileReference; lastKnownFileType = sourcecode.swift; path = ViewController.swift; sourceTree = "<group>"; };
		4195BA7E296E8CB900ED842C /* Base */ = {isa = PBXFileReference; lastKnownFileType = file.storyboard; name = Base; path = Base.lproj/Main.storyboard; sourceTree = "<group>"; };
		4195BA80296E8CB900ED842C /* Assets.xcassets */ = {isa = PBXFileReference; lastKnownFileType = folder.assetcatalog; path = Assets.xcassets; sourceTree = "<group>"; };
		4195BA83296E8CB900ED842C /* Base */ = {isa = PBXFileReference; lastKnownFileType = file.storyboard; name = Base; path = Base.lproj/LaunchScreen.storyboard; sourceTree = "<group>"; };
		4195BA85296E8CB900ED842C /* Info.plist */ = {isa = PBXFileReference; lastKnownFileType = text.plist.xml; path = Info.plist; sourceTree = "<group>"; };
		4195BA8B296E905900ED842C /* MyTabBarController.swift */ = {isa = PBXFileReference; lastKnownFileType = sourcecode.swift; path = MyTabBarController.swift; sourceTree = "<group>"; };
		4195BA8D296EAE7B00ED842C /* PLTabbar.swift */ = {isa = PBXFileReference; lastKnownFileType = sourcecode.swift; path = PLTabbar.swift; sourceTree = "<group>"; };
		4195BA8F296EBDC000ED842C /* UIColor+Extension.swift */ = {isa = PBXFileReference; lastKnownFileType = sourcecode.swift; path = "UIColor+Extension.swift"; sourceTree = "<group>"; };
/* End PBXFileReference section */

/* Begin PBXFrameworksBuildPhase section */
		4195BA71296E8CB900ED842C /* Frameworks */ = {
			isa = PBXFrameworksBuildPhase;
			buildActionMask = 2147483647;
			files = (
			);
			runOnlyForDeploymentPostprocessing = 0;
		};
/* End PBXFrameworksBuildPhase section */

/* Begin PBXGroup section */
		41126BF3298510D200D3EF12 /* Home */ = {
			isa = PBXGroup;
			children = (
				41126BF82985113900D3EF12 /* HomeController.swift */,
			);
			path = Home;
			sourceTree = "<group>";
		};
		41126BF5298510E900D3EF12 /* Study */ = {
			isa = PBXGroup;
			children = (
				41126BFA2985114C00D3EF12 /* StudyController.swift */,
			);
			path = Study;
			sourceTree = "<group>";
		};
		41126BF6298510FA00D3EF12 /* Delivery */ = {
			isa = PBXGroup;
			children = (
				41126BFC2985115A00D3EF12 /* DeliveryController.swift */,
			);
			path = Delivery;
			sourceTree = "<group>";
		};
		41126BF72985112100D3EF12 /* Mine */ = {
			isa = PBXGroup;
			children = (
				41126BFE2985116700D3EF12 /* MineController.swift */,
			);
			path = Mine;
			sourceTree = "<group>";
		};
		4195BA6B296E8CB900ED842C = {
			isa = PBXGroup;
			children = (
				4195BA76296E8CB900ED842C /* PLFly */,
				4195BA75296E8CB900ED842C /* Products */,
			);
			sourceTree = "<group>";
		};
		4195BA75296E8CB900ED842C /* Products */ = {
			isa = PBXGroup;
			children = (
				4195BA74296E8CB900ED842C /* PLFly.app */,
			);
			name = Products;
			sourceTree = "<group>";
		};
		4195BA76296E8CB900ED842C /* PLFly */ = {
			isa = PBXGroup;
			children = (
				41126BF72985112100D3EF12 /* Mine */,
				41126BF6298510FA00D3EF12 /* Delivery */,
				41126BF5298510E900D3EF12 /* Study */,
				41126BF3298510D200D3EF12 /* Home */,
				4195BA77296E8CB900ED842C /* AppDelegate.swift */,
				4195BA79296E8CB900ED842C /* SceneDelegate.swift */,
				4195BA7B296E8CB900ED842C /* ViewController.swift */,
				4195BA8B296E905900ED842C /* MyTabBarController.swift */,
				4195BA8D296EAE7B00ED842C /* PLTabbar.swift */,
				414AB3DE29865C5500A5E119 /* Monitor.swift */,
				414AB3E4298662FD00A5E119 /* TestMonitor.swift */,
				414AB3E129865CEC00A5E119 /* Monitor+Private.h */,
				414AB3E229865CEC00A5E119 /* Monitor+Private.m */,
				4195BA91296EC9E200ED842C /* UIKitExtension */,
				4195BA7D296E8CB900ED842C /* Main.storyboard */,
				4195BA80296E8CB900ED842C /* Assets.xcassets */,
				4195BA82296E8CB900ED842C /* LaunchScreen.storyboard */,
				4195BA85296E8CB900ED842C /* Info.plist */,
				414AB3E029865CEC00A5E119 /* PLFly-Bridging-Header.h */,
			);
			path = PLFly;
			sourceTree = "<group>";
		};
		4195BA91296EC9E200ED842C /* UIKitExtension */ = {
			isa = PBXGroup;
			children = (
				4195BA8F296EBDC000ED842C /* UIColor+Extension.swift */,
			);
			path = UIKitExtension;
			sourceTree = "<group>";
		};
/* End PBXGroup section */

/* Begin PBXNativeTarget section */
		4195BA73296E8CB900ED842C /* PLFly */ = {
			isa = PBXNativeTarget;
			buildConfigurationList = 4195BA88296E8CB900ED842C /* Build configuration list for PBXNativeTarget "PLFly" */;
			buildPhases = (
				4195BA70296E8CB900ED842C /* Sources */,
				4195BA71296E8CB900ED842C /* Frameworks */,
				4195BA72296E8CB900ED842C /* Resources */,
			);
			buildRules = (
			);
			dependencies = (
			);
			name = PLFly;
			productName = PLFly;
			productReference = 4195BA74296E8CB900ED842C /* PLFly.app */;
			productType = "com.apple.product-type.application";
		};
/* End PBXNativeTarget section */

/* Begin PBXProject section */
		4195BA6C296E8CB900ED842C /* Project object */ = {
			isa = PBXProject;
			attributes = {
				BuildIndependentTargetsInParallel = 1;
				LastSwiftUpdateCheck = 1410;
				LastUpgradeCheck = 1410;
				TargetAttributes = {
					4195BA73296E8CB900ED842C = {
						CreatedOnToolsVersion = 14.1;
						LastSwiftMigration = 1410;
					};
				};
			};
			buildConfigurationList = 4195BA6F296E8CB900ED842C /* Build configuration list for PBXProject "PLFly" */;
			compatibilityVersion = "Xcode 14.0";
			developmentRegion = en;
			hasScannedForEncodings = 0;
			knownRegions = (
				en,
				Base,
			);
			mainGroup = 4195BA6B296E8CB900ED842C;
			productRefGroup = 4195BA75296E8CB900ED842C /* Products */;
			projectDirPath = "";
			projectRoot = "";
			targets = (
				4195BA73296E8CB900ED842C /* PLFly */,
			);
		};
/* End PBXProject section */

/* Begin PBXResourcesBuildPhase section */
		4195BA72296E8CB900ED842C /* Resources */ = {
			isa = PBXResourcesBuildPhase;
			buildActionMask = 2147483647;
			files = (
				4195BA84296E8CB900ED842C /* LaunchScreen.storyboard in Resources */,
				4195BA81296E8CB900ED842C /* Assets.xcassets in Resources */,
				4195BA7F296E8CB900ED842C /* Main.storyboard in Resources */,
			);
			runOnlyForDeploymentPostprocessing = 0;
		};
/* End PBXResourcesBuildPhase section */

/* Begin PBXSourcesBuildPhase section */
		4195BA70296E8CB900ED842C /* Sources */ = {
			isa = PBXSourcesBuildPhase;
			buildActionMask = 2147483647;
			files = (
				4195BA7C296E8CB900ED842C /* ViewController.swift in Sources */,
				414AB3DF29865C5500A5E119 /* Monitor.swift in Sources */,
				4195BA8C296E905900ED842C /* MyTabBarController.swift in Sources */,
				41126BFD2985115A00D3EF12 /* DeliveryController.swift in Sources */,
				41126BF92985113900D3EF12 /* HomeController.swift in Sources */,
				4195BA8E296EAE7B00ED842C /* PLTabbar.swift in Sources */,
				414AB3E5298662FD00A5E119 /* TestMonitor.swift in Sources */,
				4195BA90296EBDC000ED842C /* UIColor+Extension.swift in Sources */,
				41126BFB2985114C00D3EF12 /* StudyController.swift in Sources */,
				4195BA78296E8CB900ED842C /* AppDelegate.swift in Sources */,
				41126BFF2985116700D3EF12 /* MineController.swift in Sources */,
				414AB3E329865CEC00A5E119 /* Monitor+Private.m in Sources */,
				4195BA7A296E8CB900ED842C /* SceneDelegate.swift in Sources */,
			);
			runOnlyForDeploymentPostprocessing = 0;
		};
/* End PBXSourcesBuildPhase section */

/* Begin PBXVariantGroup section */
		4195BA7D296E8CB900ED842C /* Main.storyboard */ = {
			isa = PBXVariantGroup;
			children = (
				4195BA7E296E8CB900ED842C /* Base */,
			);
			name = Main.storyboard;
			sourceTree = "<group>";
		};
		4195BA82296E8CB900ED842C /* LaunchScreen.storyboard */ = {
			isa = PBXVariantGroup;
			children = (
				4195BA83296E8CB900ED842C /* Base */,
			);
			name = LaunchScreen.storyboard;
			sourceTree = "<group>";
		};
/* End PBXVariantGroup section */

/* Begin XCBuildConfiguration section */
		4195BA86296E8CB900ED842C /* Debug */ = {
			isa = XCBuildConfiguration;
			buildSettings = {
				ALWAYS_SEARCH_USER_PATHS = NO;
				CLANG_ANALYZER_NONNULL = YES;
				CLANG_ANALYZER_NUMBER_OBJECT_CONVERSION = YES_AGGRESSIVE;
				CLANG_CXX_LANGUAGE_STANDARD = "gnu++20";
				CLANG_ENABLE_MODULES = YES;
				CLANG_ENABLE_OBJC_ARC = YES;
				CLANG_ENABLE_OBJC_WEAK = YES;
				CLANG_WARN_BLOCK_CAPTURE_AUTORELEASING = YES;
				CLANG_WARN_BOOL_CONVERSION = YES;
				CLANG_WARN_COMMA = YES;
				CLANG_WARN_CONSTANT_CONVERSION = YES;
				CLANG_WARN_DEPRECATED_OBJC_IMPLEMENTATIONS = YES;
				CLANG_WARN_DIRECT_OBJC_ISA_USAGE = YES_ERROR;
				CLANG_WARN_DOCUMENTATION_COMMENTS = YES;
				CLANG_WARN_EMPTY_BODY = YES;
				CLANG_WARN_ENUM_CONVERSION = YES;
				CLANG_WARN_INFINITE_RECURSION = YES;
				CLANG_WARN_INT_CONVERSION = YES;
				CLANG_WARN_NON_LITERAL_NULL_CONVERSION = YES;
				CLANG_WARN_OBJC_IMPLICIT_RETAIN_SELF = YES;
				CLANG_WARN_OBJC_LITERAL_CONVERSION = YES;
				CLANG_WARN_OBJC_ROOT_CLASS = YES_ERROR;
				CLANG_WARN_QUOTED_INCLUDE_IN_FRAMEWORK_HEADER = YES;
				CLANG_WARN_RANGE_LOOP_ANALYSIS = YES;
				CLANG_WARN_STRICT_PROTOTYPES = YES;
				CLANG_WARN_SUSPICIOUS_MOVE = YES;
				CLANG_WARN_UNGUARDED_AVAILABILITY = YES_AGGRESSIVE;
				CLANG_WARN_UNREACHABLE_CODE = YES;
				CLANG_WARN__DUPLICATE_METHOD_MATCH = YES;
				COPY_PHASE_STRIP = NO;
				DEBUG_INFORMATION_FORMAT = dwarf;
				ENABLE_STRICT_OBJC_MSGSEND = YES;
				ENABLE_TESTABILITY = YES;
				GCC_C_LANGUAGE_STANDARD = gnu11;
				GCC_DYNAMIC_NO_PIC = NO;
				GCC_NO_COMMON_BLOCKS = YES;
				GCC_OPTIMIZATION_LEVEL = 0;
				GCC_PREPROCESSOR_DEFINITIONS = (
					"DEBUG=1",
					"$(inherited)",
				);
				GCC_WARN_64_TO_32_BIT_CONVERSION = YES;
				GCC_WARN_ABOUT_RETURN_TYPE = YES_ERROR;
				GCC_WARN_UNDECLARED_SELECTOR = YES;
				GCC_WARN_UNINITIALIZED_AUTOS = YES_AGGRESSIVE;
				GCC_WARN_UNUSED_FUNCTION = YES;
				GCC_WARN_UNUSED_VARIABLE = YES;
				IPHONEOS_DEPLOYMENT_TARGET = 16.1;
				MTL_ENABLE_DEBUG_INFO = INCLUDE_SOURCE;
				MTL_FAST_MATH = YES;
				ONLY_ACTIVE_ARCH = YES;
				SDKROOT = iphoneos;
				SWIFT_ACTIVE_COMPILATION_CONDITIONS = DEBUG;
				SWIFT_OPTIMIZATION_LEVEL = "-Onone";
			};
			name = Debug;
		};
		4195BA87296E8CB900ED842C /* Release */ = {
			isa = XCBuildConfiguration;
			buildSettings = {
				ALWAYS_SEARCH_USER_PATHS = NO;
				CLANG_ANALYZER_NONNULL = YES;
				CLANG_ANALYZER_NUMBER_OBJECT_CONVERSION = YES_AGGRESSIVE;
				CLANG_CXX_LANGUAGE_STANDARD = "gnu++20";
				CLANG_ENABLE_MODULES = YES;
				CLANG_ENABLE_OBJC_ARC = YES;
				CLANG_ENABLE_OBJC_WEAK = YES;
				CLANG_WARN_BLOCK_CAPTURE_AUTORELEASING = YES;
				CLANG_WARN_BOOL_CONVERSION = YES;
				CLANG_WARN_COMMA = YES;
				CLANG_WARN_CONSTANT_CONVERSION = YES;
				CLANG_WARN_DEPRECATED_OBJC_IMPLEMENTATIONS = YES;
				CLANG_WARN_DIRECT_OBJC_ISA_USAGE = YES_ERROR;
				CLANG_WARN_DOCUMENTATION_COMMENTS = YES;
				CLANG_WARN_EMPTY_BODY = YES;
				CLANG_WARN_ENUM_CONVERSION = YES;
				CLANG_WARN_INFINITE_RECURSION = YES;
				CLANG_WARN_INT_CONVERSION = YES;
				CLANG_WARN_NON_LITERAL_NULL_CONVERSION = YES;
				CLANG_WARN_OBJC_IMPLICIT_RETAIN_SELF = YES;
				CLANG_WARN_OBJC_LITERAL_CONVERSION = YES;
				CLANG_WARN_OBJC_ROOT_CLASS = YES_ERROR;
				CLANG_WARN_QUOTED_INCLUDE_IN_FRAMEWORK_HEADER = YES;
				CLANG_WARN_RANGE_LOOP_ANALYSIS = YES;
				CLANG_WARN_STRICT_PROTOTYPES = YES;
				CLANG_WARN_SUSPICIOUS_MOVE = YES;
				CLANG_WARN_UNGUARDED_AVAILABILITY = YES_AGGRESSIVE;
				CLANG_WARN_UNREACHABLE_CODE = YES;
				CLANG_WARN__DUPLICATE_METHOD_MATCH = YES;
				COPY_PHASE_STRIP = NO;
				DEBUG_INFORMATION_FORMAT = "dwarf-with-dsym";
				ENABLE_NS_ASSERTIONS = NO;
				ENABLE_STRICT_OBJC_MSGSEND = YES;
				GCC_C_LANGUAGE_STANDARD = gnu11;
				GCC_NO_COMMON_BLOCKS = YES;
				GCC_WARN_64_TO_32_BIT_CONVERSION = YES;
				GCC_WARN_ABOUT_RETURN_TYPE = YES_ERROR;
				GCC_WARN_UNDECLARED_SELECTOR = YES;
				GCC_WARN_UNINITIALIZED_AUTOS = YES_AGGRESSIVE;
				GCC_WARN_UNUSED_FUNCTION = YES;
				GCC_WARN_UNUSED_VARIABLE = YES;
				IPHONEOS_DEPLOYMENT_TARGET = 16.1;
				MTL_ENABLE_DEBUG_INFO = NO;
				MTL_FAST_MATH = YES;
				SDKROOT = iphoneos;
				SWIFT_COMPILATION_MODE = wholemodule;
				SWIFT_OPTIMIZATION_LEVEL = "-O";
				VALIDATE_PRODUCT = YES;
			};
			name = Release;
		};
		4195BA89296E8CB900ED842C /* Debug */ = {
			isa = XCBuildConfiguration;
			buildSettings = {
				ASSETCATALOG_COMPILER_APPICON_NAME = AppIcon;
				ASSETCATALOG_COMPILER_GLOBAL_ACCENT_COLOR_NAME = AccentColor;
				CLANG_ENABLE_MODULES = YES;
				CODE_SIGN_STYLE = Automatic;
				CURRENT_PROJECT_VERSION = 1;
				GENERATE_INFOPLIST_FILE = YES;
				INFOPLIST_FILE = PLFly/Info.plist;
				INFOPLIST_KEY_UIApplicationSupportsIndirectInputEvents = YES;
				INFOPLIST_KEY_UILaunchStoryboardName = "";
				INFOPLIST_KEY_UIMainStoryboardFile = Main;
				INFOPLIST_KEY_UISupportedInterfaceOrientations_iPad = "UIInterfaceOrientationPortrait UIInterfaceOrientationPortraitUpsideDown UIInterfaceOrientationLandscapeLeft UIInterfaceOrientationLandscapeRight";
				INFOPLIST_KEY_UISupportedInterfaceOrientations_iPhone = "UIInterfaceOrientationPortrait UIInterfaceOrientationLandscapeLeft UIInterfaceOrientationLandscapeRight";
				IPHONEOS_DEPLOYMENT_TARGET = 13.0;
				LD_RUNPATH_SEARCH_PATHS = (
					"$(inherited)",
					"@executable_path/Frameworks",
				);
				MARKETING_VERSION = 1.0;
				PRODUCT_BUNDLE_IDENTIFIER = com.zpz.PLFly;
				PRODUCT_NAME = "$(TARGET_NAME)";
				SWIFT_EMIT_LOC_STRINGS = YES;
				SWIFT_OBJC_BRIDGING_HEADER = "PLFly/PLFly-Bridging-Header.h";
				SWIFT_OPTIMIZATION_LEVEL = "-Onone";
				SWIFT_VERSION = 5.0;
				TARGETED_DEVICE_FAMILY = "1,2";
			};
			name = Debug;
		};
		4195BA8A296E8CB900ED842C /* Release */ = {
			isa = XCBuildConfiguration;
			buildSettings = {
				ASSETCATALOG_COMPILER_APPICON_NAME = AppIcon;
				ASSETCATALOG_COMPILER_GLOBAL_ACCENT_COLOR_NAME = AccentColor;
				CLANG_ENABLE_MODULES = YES;
				CODE_SIGN_STYLE = Automatic;
				CURRENT_PROJECT_VERSION = 1;
				GENERATE_INFOPLIST_FILE = YES;
				INFOPLIST_FILE = PLFly/Info.plist;
				INFOPLIST_KEY_UIApplicationSupportsIndirectInputEvents = YES;
				INFOPLIST_KEY_UILaunchStoryboardName = "";
				INFOPLIST_KEY_UIMainStoryboardFile = Main;
				INFOPLIST_KEY_UISupportedInterfaceOrientations_iPad = "UIInterfaceOrientationPortrait UIInterfaceOrientationPortraitUpsideDown UIInterfaceOrientationLandscapeLeft UIInterfaceOrientationLandscapeRight";
				INFOPLIST_KEY_UISupportedInterfaceOrientations_iPhone = "UIInterfaceOrientationPortrait UIInterfaceOrientationLandscapeLeft UIInterfaceOrientationLandscapeRight";
				IPHONEOS_DEPLOYMENT_TARGET = 13.0;
				LD_RUNPATH_SEARCH_PATHS = (
					"$(inherited)",
					"@executable_path/Frameworks",
				);
				MARKETING_VERSION = 1.0;
				PRODUCT_BUNDLE_IDENTIFIER = com.zpz.PLFly;
				PRODUCT_NAME = "$(TARGET_NAME)";
				SWIFT_EMIT_LOC_STRINGS = YES;
				SWIFT_OBJC_BRIDGING_HEADER = "PLFly/PLFly-Bridging-Header.h";
				SWIFT_VERSION = 5.0;
				TARGETED_DEVICE_FAMILY = "1,2";
			};
			name = Release;
		};
/* End XCBuildConfiguration section */

/* Begin XCConfigurationList section */
		4195BA6F296E8CB900ED842C /* Build configuration list for PBXProject "PLFly" */ = {
			isa = XCConfigurationList;
			buildConfigurations = (
				4195BA86296E8CB900ED842C /* Debug */,
				4195BA87296E8CB900ED842C /* Release */,
			);
			defaultConfigurationIsVisible = 0;
			defaultConfigurationName = Release;
		};
		4195BA88296E8CB900ED842C /* Build configuration list for PBXNativeTarget "PLFly" */ = {
			isa = XCConfigurationList;
			buildConfigurations = (
				4195BA89296E8CB900ED842C /* Debug */,
				4195BA8A296E8CB900ED842C /* Release */,
			);
			defaultConfigurationIsVisible = 0;
			defaultConfigurationName = Release;
		};
/* End XCConfigurationList section */
	};
	rootObject = 4195BA6C296E8CB900ED842C /* Project object */;
}
